// !$*UTF8*$!
{
	archiveVersion = 1;
	classes = {
	};
	objectVersion = 48;
	objects = {

/* Begin PBXBuildFile section */
		E1A3633A1FBE828C00D467B4 /* AppDelegate.m in Sources */ = {isa = PBXBuildFile; fileRef = E1A363391FBE828C00D467B4 /* AppDelegate.m */; };
		E1A363401FBE828C00D467B4 /* Main.storyboard in Resources */ = {isa = PBXBuildFile; fileRef = E1A3633E1FBE828C00D467B4 /* Main.storyboard */; };
		E1A363421FBE828C00D467B4 /* Assets.xcassets in Resources */ = {isa = PBXBuildFile; fileRef = E1A363411FBE828C00D467B4 /* Assets.xcassets */; };
		E1A363451FBE828C00D467B4 /* LaunchScreen.storyboard in Resources */ = {isa = PBXBuildFile; fileRef = E1A363431FBE828C00D467B4 /* LaunchScreen.storyboard */; };
		E1A363481FBE828C00D467B4 /* main.m in Sources */ = {isa = PBXBuildFile; fileRef = E1A363471FBE828C00D467B4 /* main.m */; };
		E1A363501FBE883500D467B4 /* ShowVideoController.m in Sources */ = {isa = PBXBuildFile; fileRef = E1A3634F1FBE883500D467B4 /* ShowVideoController.m */; };
		E1A3635D1FBE90FB00D467B4 /* ShowVideoCell.m in Sources */ = {isa = PBXBuildFile; fileRef = E1A3635B1FBE90FB00D467B4 /* ShowVideoCell.m */; };
		E1A3635E1FBE90FB00D467B4 /* ShowVideoCell.xib in Resources */ = {isa = PBXBuildFile; fileRef = E1A3635C1FBE90FB00D467B4 /* ShowVideoCell.xib */; };
		E1A363621FBEBF8D00D467B4 /* VideoModel.m in Sources */ = {isa = PBXBuildFile; fileRef = E1A363611FBEBF8D00D467B4 /* VideoModel.m */; };
		E1A363651FBEBF9E00D467B4 /* VideoManager.m in Sources */ = {isa = PBXBuildFile; fileRef = E1A363641FBEBF9E00D467B4 /* VideoManager.m */; };
/* End PBXBuildFile section */

/* Begin PBXFileReference section */
		E1A363351FBE828C00D467B4 /* VideoCutDemo.app */ = {isa = PBXFileReference; explicitFileType = wrapper.application; includeInIndex = 0; path = VideoCutDemo.app; sourceTree = BUILT_PRODUCTS_DIR; };
		E1A363381FBE828C00D467B4 /* AppDelegate.h */ = {isa = PBXFileReference; lastKnownFileType = sourcecode.c.h; path = AppDelegate.h; sourceTree = "<group>"; };
		E1A363391FBE828C00D467B4 /* AppDelegate.m */ = {isa = PBXFileReference; lastKnownFileType = sourcecode.c.objc; path = AppDelegate.m; sourceTree = "<group>"; };
		E1A3633F1FBE828C00D467B4 /* Base */ = {isa = PBXFileReference; lastKnownFileType = file.storyboard; name = Base; path = Base.lproj/Main.storyboard; sourceTree = "<group>"; };
		E1A363411FBE828C00D467B4 /* Assets.xcassets */ = {isa = PBXFileReference; lastKnownFileType = folder.assetcatalog; path = Assets.xcassets; sourceTree = "<group>"; };
		E1A363441FBE828C00D467B4 /* Base */ = {isa = PBXFileReference; lastKnownFileType = file.storyboard; name = Base; path = Base.lproj/LaunchScreen.storyboard; sourceTree = "<group>"; };
		E1A363461FBE828C00D467B4 /* Info.plist */ = {isa = PBXFileReference; lastKnownFileType = text.plist.xml; path = Info.plist; sourceTree = "<group>"; };
		E1A363471FBE828C00D467B4 /* main.m */ = {isa = PBXFileReference; lastKnownFileType = sourcecode.c.objc; path = main.m; sourceTree = "<group>"; };
		E1A3634E1FBE883500D467B4 /* ShowVideoController.h */ = {isa = PBXFileReference; lastKnownFileType = sourcecode.c.h; path = ShowVideoController.h; sourceTree = "<group>"; };
		E1A3634F1FBE883500D467B4 /* ShowVideoController.m */ = {isa = PBXFileReference; lastKnownFileType = sourcecode.c.objc; path = ShowVideoController.m; sourceTree = "<group>"; };
		E1A3635A1FBE90FB00D467B4 /* ShowVideoCell.h */ = {isa = PBXFileReference; lastKnownFileType = sourcecode.c.h; path = ShowVideoCell.h; sourceTree = "<group>"; };
		E1A3635B1FBE90FB00D467B4 /* ShowVideoCell.m */ = {isa = PBXFileReference; lastKnownFileType = sourcecode.c.objc; path = ShowVideoCell.m; sourceTree = "<group>"; };
		E1A3635C1FBE90FB00D467B4 /* ShowVideoCell.xib */ = {isa = PBXFileReference; lastKnownFileType = file.xib; path = ShowVideoCell.xib; sourceTree = "<group>"; };
		E1A363601FBEBF8D00D467B4 /* VideoModel.h */ = {isa = PBXFileReference; lastKnownFileType = sourcecode.c.h; path = VideoModel.h; sourceTree = "<group>"; };
		E1A363611FBEBF8D00D467B4 /* VideoModel.m */ = {isa = PBXFileReference; lastKnownFileType = sourcecode.c.objc; path = VideoModel.m; sourceTree = "<group>"; };
		E1A363631FBEBF9E00D467B4 /* VideoManager.h */ = {isa = PBXFileReference; lastKnownFileType = sourcecode.c.h; path = VideoManager.h; sourceTree = "<group>"; };
		E1A363641FBEBF9E00D467B4 /* VideoManager.m */ = {isa = PBXFileReference; lastKnownFileType = sourcecode.c.objc; path = VideoManager.m; sourceTree = "<group>"; };
/* End PBXFileReference section */

/* Begin PBXFrameworksBuildPhase section */
		E1A363321FBE828C00D467B4 /* Frameworks */ = {
			isa = PBXFrameworksBuildPhase;
			buildActionMask = 2147483647;
			files = (
			);
			runOnlyForDeploymentPostprocessing = 0;
		};
/* End PBXFrameworksBuildPhase section */

/* Begin PBXGroup section */
		E1A3632C1FBE828C00D467B4 = {
			isa = PBXGroup;
			children = (
				E1A363371FBE828C00D467B4 /* VideoCutDemo */,
				E1A363361FBE828C00D467B4 /* Products */,
			);
			sourceTree = "<group>";
		};
		E1A363361FBE828C00D467B4 /* Products */ = {
			isa = PBXGroup;
			children = (
				E1A363351FBE828C00D467B4 /* VideoCutDemo.app */,
			);
			name = Products;
			sourceTree = "<group>";
		};
		E1A363371FBE828C00D467B4 /* VideoCutDemo */ = {
			isa = PBXGroup;
			children = (
				E1A3635F1FBEBE7900D467B4 /* Tools */,
				E1A363531FBE8F7E00D467B4 /* Model */,
				E1A363541FBE8F7E00D467B4 /* View */,
				E1A363521FBE8F7E00D467B4 /* ViewController */,
				E1A363511FBE8D3200D467B4 /* Lib */,
				E1A363381FBE828C00D467B4 /* AppDelegate.h */,
				E1A363391FBE828C00D467B4 /* AppDelegate.m */,
				E1A3633E1FBE828C00D467B4 /* Main.storyboard */,
				E1A363411FBE828C00D467B4 /* Assets.xcassets */,
				E1A363431FBE828C00D467B4 /* LaunchScreen.storyboard */,
				E1A363461FBE828C00D467B4 /* Info.plist */,
				E1A363471FBE828C00D467B4 /* main.m */,
			);
			path = VideoCutDemo;
			sourceTree = "<group>";
		};
		E1A363511FBE8D3200D467B4 /* Lib */ = {
			isa = PBXGroup;
			children = (
			);
			path = Lib;
			sourceTree = "<group>";
		};
		E1A363521FBE8F7E00D467B4 /* ViewController */ = {
			isa = PBXGroup;
			children = (
				E1A3634E1FBE883500D467B4 /* ShowVideoController.h */,
				E1A3634F1FBE883500D467B4 /* ShowVideoController.m */,
			);
			path = ViewController;
			sourceTree = "<group>";
		};
		E1A363531FBE8F7E00D467B4 /* Model */ = {
			isa = PBXGroup;
			children = (
				E1A363601FBEBF8D00D467B4 /* VideoModel.h */,
				E1A363611FBEBF8D00D467B4 /* VideoModel.m */,
			);
			path = Model;
			sourceTree = "<group>";
		};
		E1A363541FBE8F7E00D467B4 /* View */ = {
			isa = PBXGroup;
			children = (
				E1A3635A1FBE90FB00D467B4 /* ShowVideoCell.h */,
				E1A3635B1FBE90FB00D467B4 /* ShowVideoCell.m */,
				E1A3635C1FBE90FB00D467B4 /* ShowVideoCell.xib */,
			);
			path = View;
			sourceTree = "<group>";
		};
		E1A3635F1FBEBE7900D467B4 /* Tools */ = {
			isa = PBXGroup;
			children = (
				E1A363631FBEBF9E00D467B4 /* VideoManager.h */,
				E1A363641FBEBF9E00D467B4 /* VideoManager.m */,
			);
			path = Tools;
			sourceTree = "<group>";
		};
/* End PBXGroup section */

/* Begin PBXNativeTarget section */
		E1A363341FBE828C00D467B4 /* VideoCutDemo */ = {
			isa = PBXNativeTarget;
			buildConfigurationList = E1A3634B1FBE828C00D467B4 /* Build configuration list for PBXNativeTarget "VideoCutDemo" */;
			buildPhases = (
				E1A363311FBE828C00D467B4 /* Sources */,
				E1A363321FBE828C00D467B4 /* Frameworks */,
				E1A363331FBE828C00D467B4 /* Resources */,
			);
			buildRules = (
			);
			dependencies = (
			);
			name = VideoCutDemo;
			productName = VideoCutDemo;
			productReference = E1A363351FBE828C00D467B4 /* VideoCutDemo.app */;
			productType = "com.apple.product-type.application";
		};
/* End PBXNativeTarget section */

/* Begin PBXProject section */
		E1A3632D1FBE828C00D467B4 /* Project object */ = {
			isa = PBXProject;
			attributes = {
				LastUpgradeCheck = 0900;
				ORGANIZATIONNAME = bh;
				TargetAttributes = {
					E1A363341FBE828C00D467B4 = {
						CreatedOnToolsVersion = 9.0;
						ProvisioningStyle = Automatic;
					};
				};
			};
			buildConfigurationList = E1A363301FBE828C00D467B4 /* Build configuration list for PBXProject "VideoCutDemo" */;
			compatibilityVersion = "Xcode 8.0";
			developmentRegion = en;
			hasScannedForEncodings = 0;
			knownRegions = (
				en,
				Base,
			);
			mainGroup = E1A3632C1FBE828C00D467B4;
			productRefGroup = E1A363361FBE828C00D467B4 /* Products */;
			projectDirPath = "";
			projectRoot = "";
			targets = (
				E1A363341FBE828C00D467B4 /* VideoCutDemo */,
			);
		};
/* End PBXProject section */

/* Begin PBXResourcesBuildPhase section */
		E1A363331FBE828C00D467B4 /* Resources */ = {
			isa = PBXResourcesBuildPhase;
			buildActionMask = 2147483647;
			files = (
				E1A363451FBE828C00D467B4 /* LaunchScreen.storyboard in Resources */,
				E1A363421FBE828C00D467B4 /* Assets.xcassets in Resources */,
				E1A3635E1FBE90FB00D467B4 /* ShowVideoCell.xib in Resources */,
				E1A363401FBE828C00D467B4 /* Main.storyboard in Resources */,
			);
			runOnlyForDeploymentPostprocessing = 0;
		};
/* End PBXResourcesBuildPhase section */

/* Begin PBXSourcesBuildPhase section */
		E1A363311FBE828C00D467B4 /* Sources */ = {
			isa = PBXSourcesBuildPhase;
			buildActionMask = 2147483647;
			files = (
				E1A363501FBE883500D467B4 /* ShowVideoController.m in Sources */,
				E1A363621FBEBF8D00D467B4 /* VideoModel.m in Sources */,
				E1A363481FBE828C00D467B4 /* main.m in Sources */,
				E1A3635D1FBE90FB00D467B4 /* ShowVideoCell.m in Sources */,
				E1A3633A1FBE828C00D467B4 /* AppDelegate.m in Sources */,
				E1A363651FBEBF9E00D467B4 /* VideoManager.m in Sources */,
			);
			runOnlyForDeploymentPostprocessing = 0;
		};
/* End PBXSourcesBuildPhase section */

/* Begin PBXVariantGroup section */
		E1A3633E1FBE828C00D467B4 /* Main.storyboard */ = {
			isa = PBXVariantGroup;
			children = (
				E1A3633F1FBE828C00D467B4 /* Base */,
			);
			name = Main.storyboard;
			sourceTree = "<group>";
		};
		E1A363431FBE828C00D467B4 /* LaunchScreen.storyboard */ = {
			isa = PBXVariantGroup;
			children = (
				E1A363441FBE828C00D467B4 /* Base */,
			);
			name = LaunchScreen.storyboard;
			sourceTree = "<group>";
		};
/* End PBXVariantGroup section */

/* Begin XCBuildConfiguration section */
		E1A363491FBE828C00D467B4 /* Debug */ = {
			isa = XCBuildConfiguration;
			buildSettings = {
				ALWAYS_SEARCH_USER_PATHS = NO;
				CLANG_ANALYZER_NONNULL = YES;
				CLANG_ANALYZER_NUMBER_OBJECT_CONVERSION = YES_AGGRESSIVE;
				CLANG_CXX_LANGUAGE_STANDARD = "gnu++14";
				CLANG_CXX_LIBRARY = "libc++";
				CLANG_ENABLE_MODULES = YES;
				CLANG_ENABLE_OBJC_ARC = YES;
				CLANG_WARN_BLOCK_CAPTURE_AUTORELEASING = YES;
				CLANG_WARN_BOOL_CONVERSION = YES;
				CLANG_WARN_COMMA = YES;
				CLANG_WARN_CONSTANT_CONVERSION = YES;
				CLANG_WARN_DIRECT_OBJC_ISA_USAGE = YES_ERROR;
				CLANG_WARN_DOCUMENTATION_COMMENTS = YES;
				CLANG_WARN_EMPTY_BODY = YES;
				CLANG_WARN_ENUM_CONVERSION = YES;
				CLANG_WARN_INFINITE_RECURSION = YES;
				CLANG_WARN_INT_CONVERSION = YES;
				CLANG_WARN_NON_LITERAL_NULL_CONVERSION = YES;
				CLANG_WARN_OBJC_LITERAL_CONVERSION = YES;
				CLANG_WARN_OBJC_ROOT_CLASS = YES_ERROR;
				CLANG_WARN_RANGE_LOOP_ANALYSIS = YES;
				CLANG_WARN_STRICT_PROTOTYPES = YES;
				CLANG_WARN_SUSPICIOUS_MOVE = YES;
				CLANG_WARN_UNGUARDED_AVAILABILITY = YES_AGGRESSIVE;
				CLANG_WARN_UNREACHABLE_CODE = YES;
				CLANG_WARN__DUPLICATE_METHOD_MATCH = YES;
				CODE_SIGN_IDENTITY = "iPhone Developer";
				COPY_PHASE_STRIP = NO;
				DEBUG_INFORMATION_FORMAT = dwarf;
				ENABLE_STRICT_OBJC_MSGSEND = YES;
				ENABLE_TESTABILITY = YES;
				GCC_C_LANGUAGE_STANDARD = gnu11;
				GCC_DYNAMIC_NO_PIC = NO;
				GCC_NO_COMMON_BLOCKS = YES;
				GCC_OPTIMIZATION_LEVEL = 0;
				GCC_PREPROCESSOR_DEFINITIONS = (
					"DEBUG=1",
					"$(inherited)",
				);
				GCC_WARN_64_TO_32_BIT_CONVERSION = YES;
				GCC_WARN_ABOUT_RETURN_TYPE = YES_ERROR;
				GCC_WARN_UNDECLARED_SELECTOR = YES;
				GCC_WARN_UNINITIALIZED_AUTOS = YES_AGGRESSIVE;
				GCC_WARN_UNUSED_FUNCTION = YES;
				GCC_WARN_UNUSED_VARIABLE = YES;
				IPHONEOS_DEPLOYMENT_TARGET = 11.0;
				MTL_ENABLE_DEBUG_INFO = YES;
				ONLY_ACTIVE_ARCH = YES;
				SDKROOT = iphoneos;
			};
			name = Debug;
		};
		E1A3634A1FBE828C00D467B4 /* Release */ = {
			isa = XCBuildConfiguration;
			buildSettings = {
				ALWAYS_SEARCH_USER_PATHS = NO;
				CLANG_ANALYZER_NONNULL = YES;
				CLANG_ANALYZER_NUMBER_OBJECT_CONVERSION = YES_AGGRESSIVE;
				CLANG_CXX_LANGUAGE_STANDARD = "gnu++14";
				CLANG_CXX_LIBRARY = "libc++";
				CLANG_ENABLE_MODULES = YES;
				CLANG_ENABLE_OBJC_ARC = YES;
				CLANG_WARN_BLOCK_CAPTURE_AUTORELEASING = YES;
				CLANG_WARN_BOOL_CONVERSION = YES;
				CLANG_WARN_COMMA = YES;
				CLANG_WARN_CONSTANT_CONVERSION = YES;
				CLANG_WARN_DIRECT_OBJC_ISA_USAGE = YES_ERROR;
				CLANG_WARN_DOCUMENTATION_COMMENTS = YES;
				CLANG_WARN_EMPTY_BODY = YES;
				CLANG_WARN_ENUM_CONVERSION = YES;
				CLANG_WARN_INFINITE_RECURSION = YES;
				CLANG_WARN_INT_CONVERSION = YES;
				CLANG_WARN_NON_LITERAL_NULL_CONVERSION = YES;
				CLANG_WARN_OBJC_LITERAL_CONVERSION = YES;
				CLANG_WARN_OBJC_ROOT_CLASS = YES_ERROR;
				CLANG_WARN_RANGE_LOOP_ANALYSIS = YES;
				CLANG_WARN_STRICT_PROTOTYPES = YES;
				CLANG_WARN_SUSPICIOUS_MOVE = YES;
				CLANG_WARN_UNGUARDED_AVAILABILITY = YES_AGGRESSIVE;
				CLANG_WARN_UNREACHABLE_CODE = YES;
				CLANG_WARN__DUPLICATE_METHOD_MATCH = YES;
				CODE_SIGN_IDENTITY = "iPhone Developer";
				COPY_PHASE_STRIP = NO;
				DEBUG_INFORMATION_FORMAT = "dwarf-with-dsym";
				ENABLE_NS_ASSERTIONS = NO;
				ENABLE_STRICT_OBJC_MSGSEND = YES;
				GCC_C_LANGUAGE_STANDARD = gnu11;
				GCC_NO_COMMON_BLOCKS = YES;
				GCC_WARN_64_TO_32_BIT_CONVERSION = YES;
				GCC_WARN_ABOUT_RETURN_TYPE = YES_ERROR;
				GCC_WARN_UNDECLARED_SELECTOR = YES;
				GCC_WARN_UNINITIALIZED_AUTOS = YES_AGGRESSIVE;
				GCC_WARN_UNUSED_FUNCTION = YES;
				GCC_WARN_UNUSED_VARIABLE = YES;
				IPHONEOS_DEPLOYMENT_TARGET = 11.0;
				MTL_ENABLE_DEBUG_INFO = NO;
				SDKROOT = iphoneos;
				VALIDATE_PRODUCT = YES;
			};
			name = Release;
		};
		E1A3634C1FBE828C00D467B4 /* Debug */ = {
			isa = XCBuildConfiguration;
			buildSettings = {
				ASSETCATALOG_COMPILER_APPICON_NAME = AppIcon;
				CODE_SIGN_STYLE = Automatic;
				DEVELOPMENT_TEAM = 2SKA9FK2MN;
				INFOPLIST_FILE = VideoCutDemo/Info.plist;
				IPHONEOS_DEPLOYMENT_TARGET = 8.0;
				LD_RUNPATH_SEARCH_PATHS = "$(inherited) @executable_path/Frameworks";
				PRODUCT_BUNDLE_IDENTIFIER = com.apple.bh.VideoCutDemo;
				PRODUCT_NAME = "$(TARGET_NAME)";
				TARGETED_DEVICE_FAMILY = "1,2";
			};
			name = Debug;
		};
		E1A3634D1FBE828C00D467B4 /* Release */ = {
			isa = XCBuildConfiguration;
			buildSettings = {
				ASSETCATALOG_COMPILER_APPICON_NAME = AppIcon;
				CODE_SIGN_STYLE = Automatic;
				DEVELOPMENT_TEAM = 2SKA9FK2MN;
				INFOPLIST_FILE = VideoCutDemo/Info.plist;
				IPHONEOS_DEPLOYMENT_TARGET = 8.0;
				LD_RUNPATH_SEARCH_PATHS = "$(inherited) @executable_path/Frameworks";
				PRODUCT_BUNDLE_IDENTIFIER = com.apple.bh.VideoCutDemo;
				PRODUCT_NAME = "$(TARGET_NAME)";
				TARGETED_DEVICE_FAMILY = "1,2";
			};
			name = Release;
		};
/* End XCBuildConfiguration section */

/* Begin XCConfigurationList section */
		E1A363301FBE828C00D467B4 /* Build configuration list for PBXProject "VideoCutDemo" */ = {
			isa = XCConfigurationList;
			buildConfigurations = (
				E1A363491FBE828C00D467B4 /* Debug */,
				E1A3634A1FBE828C00D467B4 /* Release */,
			);
			defaultConfigurationIsVisible = 0;
			defaultConfigurationName = Release;
		};
		E1A3634B1FBE828C00D467B4 /* Build configuration list for PBXNativeTarget "VideoCutDemo" */ = {
			isa = XCConfigurationList;
			buildConfigurations = (
				E1A3634C1FBE828C00D467B4 /* Debug */,
				E1A3634D1FBE828C00D467B4 /* Release */,
			);
			defaultConfigurationIsVisible = 0;
			defaultConfigurationName = Release;
		};
/* End XCConfigurationList section */
	};
	rootObject = E1A3632D1FBE828C00D467B4 /* Project object */;
}
